
Microsoft Visual Studio Solution File, Format Version 12.00
# Visual Studio Version 16
VisualStudioVersion = 16.0.31424.327
MinimumVisualStudioVersion = 10.0.40219.1
Project("{FAE04EC0-301F-11D3-BF4B-00C04F79EFBC}") = "List7-1inheritance", "List7-1inheritance\List7-1inheritance.csproj", "{6213244B-D65B-4D12-A6C5-F25304B6F1FD}"
EndProject
Global
	GlobalSection(SolutionConfigurationPlatforms) = preSolution
		Debug|Any CPU = Debug|Any CPU
		Release|Any CPU = Release|Any CPU
	EndGlobalSection
	GlobalSection(ProjectConfigurationPlatforms) = postSolution
		{6213244B-D65B-4D12-A6C5-F25304B6F1FD}.Debug|Any CPU.ActiveCfg = Debug|Any CPU
		{6213244B-D65B-4D12-A6C5-F25304B6F1FD}.Debug|Any CPU.Build.0 = Debug|Any CPU
		{6213244B-D65B-4D12-A6C5-F25304B6F1FD}.Release|Any CPU.ActiveCfg = Release|Any CPU
		{6213244B-D65B-4D12-A6C5-F25304B6F1FD}.Release|Any CPU.Build.0 = Release|Any CPU
	EndGlobalSection
	GlobalSection(SolutionProperties) = preSolution
		HideSolutionNode = FALSE
	EndGlobalSection
	GlobalSection(ExtensibilityGlobals) = postSolution
		SolutionGuid = {9BB1DC1D-56C1-4E9E-848C-8A5177D7367C}
	EndGlobalSection
EndGlobal
