
Microsoft Visual Studio Solution File, Format Version 12.00
# Visual Studio Version 16
VisualStudioVersion = 16.0.31424.327
MinimumVisualStudioVersion = 10.0.40219.1
Project("{FAE04EC0-301F-11D3-BF4B-00C04F79EFBC}") = "List3-6前,匿名型", "List3-6前,匿名型\List3-6前,匿名型.csproj", "{67485647-402E-421A-9EA8-9DA6C3B3AC57}"
EndProject
Global
	GlobalSection(SolutionConfigurationPlatforms) = preSolution
		Debug|Any CPU = Debug|Any CPU
		Release|Any CPU = Release|Any CPU
	EndGlobalSection
	GlobalSection(ProjectConfigurationPlatforms) = postSolution
		{67485647-402E-421A-9EA8-9DA6C3B3AC57}.Debug|Any CPU.ActiveCfg = Debug|Any CPU
		{67485647-402E-421A-9EA8-9DA6C3B3AC57}.Debug|Any CPU.Build.0 = Debug|Any CPU
		{67485647-402E-421A-9EA8-9DA6C3B3AC57}.Release|Any CPU.ActiveCfg = Release|Any CPU
		{67485647-402E-421A-9EA8-9DA6C3B3AC57}.Release|Any CPU.Build.0 = Release|Any CPU
	EndGlobalSection
	GlobalSection(SolutionProperties) = preSolution
		HideSolutionNode = FALSE
	EndGlobalSection
	GlobalSection(ExtensibilityGlobals) = postSolution
		SolutionGuid = {1698723E-AE57-42B5-A1EE-24EF3C91665F}
	EndGlobalSection
EndGlobal
