
Microsoft Visual Studio Solution File, Format Version 12.00
# Visual Studio Version 16
VisualStudioVersion = 16.0.31424.327
MinimumVisualStudioVersion = 10.0.40219.1
Project("{FAE04EC0-301F-11D3-BF4B-00C04F79EFBC}") = "List7-1-1Protected", "List7-1-1Protected\List7-1-1Protected.csproj", "{D2B53902-E941-4984-A0F8-153AECDCF0BE}"
EndProject
Global
	GlobalSection(SolutionConfigurationPlatforms) = preSolution
		Debug|Any CPU = Debug|Any CPU
		Release|Any CPU = Release|Any CPU
	EndGlobalSection
	GlobalSection(ProjectConfigurationPlatforms) = postSolution
		{D2B53902-E941-4984-A0F8-153AECDCF0BE}.Debug|Any CPU.ActiveCfg = Debug|Any CPU
		{D2B53902-E941-4984-A0F8-153AECDCF0BE}.Debug|Any CPU.Build.0 = Debug|Any CPU
		{D2B53902-E941-4984-A0F8-153AECDCF0BE}.Release|Any CPU.ActiveCfg = Release|Any CPU
		{D2B53902-E941-4984-A0F8-153AECDCF0BE}.Release|Any CPU.Build.0 = Release|Any CPU
	EndGlobalSection
	GlobalSection(SolutionProperties) = preSolution
		HideSolutionNode = FALSE
	EndGlobalSection
	GlobalSection(ExtensibilityGlobals) = postSolution
		SolutionGuid = {6B9F529B-F4AA-4628-BE84-C3B1735F65AF}
	EndGlobalSection
EndGlobal
