
Microsoft Visual Studio Solution File, Format Version 12.00
# Visual Studio Version 16
VisualStudioVersion = 16.0.31424.327
MinimumVisualStudioVersion = 10.0.40219.1
Project("{FAE04EC0-301F-11D3-BF4B-00C04F79EFBC}") = "List3-3varArray", "List3-3varArray\List3-3varArray.csproj", "{3FB0F2F9-A335-40A5-B34F-D1E0DDAF630D}"
EndProject
Global
	GlobalSection(SolutionConfigurationPlatforms) = preSolution
		Debug|Any CPU = Debug|Any CPU
		Release|Any CPU = Release|Any CPU
	EndGlobalSection
	GlobalSection(ProjectConfigurationPlatforms) = postSolution
		{3FB0F2F9-A335-40A5-B34F-D1E0DDAF630D}.Debug|Any CPU.ActiveCfg = Debug|Any CPU
		{3FB0F2F9-A335-40A5-B34F-D1E0DDAF630D}.Debug|Any CPU.Build.0 = Debug|Any CPU
		{3FB0F2F9-A335-40A5-B34F-D1E0DDAF630D}.Release|Any CPU.ActiveCfg = Release|Any CPU
		{3FB0F2F9-A335-40A5-B34F-D1E0DDAF630D}.Release|Any CPU.Build.0 = Release|Any CPU
	EndGlobalSection
	GlobalSection(SolutionProperties) = preSolution
		HideSolutionNode = FALSE
	EndGlobalSection
	GlobalSection(ExtensibilityGlobals) = postSolution
		SolutionGuid = {2235B6E7-4E37-40F0-8C14-7BF131E2BDE0}
	EndGlobalSection
EndGlobal
