
Microsoft Visual Studio Solution File, Format Version 12.00
# Visual Studio Version 16
VisualStudioVersion = 16.0.31424.327
MinimumVisualStudioVersion = 10.0.40219.1
Project("{FAE04EC0-301F-11D3-BF4B-00C04F79EFBC}") = "List7-7-1sealed装飾子でオーバーライドを禁止", "List7-7-1sealed装飾子でオーバーライドを禁止\List7-7-1sealed装飾子でオーバーライドを禁止.csproj", "{7D8502EF-2A75-408A-8E28-E592C3DC5F6F}"
EndProject
Global
	GlobalSection(SolutionConfigurationPlatforms) = preSolution
		Debug|Any CPU = Debug|Any CPU
		Release|Any CPU = Release|Any CPU
	EndGlobalSection
	GlobalSection(ProjectConfigurationPlatforms) = postSolution
		{7D8502EF-2A75-408A-8E28-E592C3DC5F6F}.Debug|Any CPU.ActiveCfg = Debug|Any CPU
		{7D8502EF-2A75-408A-8E28-E592C3DC5F6F}.Debug|Any CPU.Build.0 = Debug|Any CPU
		{7D8502EF-2A75-408A-8E28-E592C3DC5F6F}.Release|Any CPU.ActiveCfg = Release|Any CPU
		{7D8502EF-2A75-408A-8E28-E592C3DC5F6F}.Release|Any CPU.Build.0 = Release|Any CPU
	EndGlobalSection
	GlobalSection(SolutionProperties) = preSolution
		HideSolutionNode = FALSE
	EndGlobalSection
	GlobalSection(ExtensibilityGlobals) = postSolution
		SolutionGuid = {B3C3D5D4-4125-496E-8F8B-AD883E1A0181}
	EndGlobalSection
EndGlobal
