
Microsoft Visual Studio Solution File, Format Version 12.00
# Visual Studio Version 16
VisualStudioVersion = 16.0.31424.327
MinimumVisualStudioVersion = 10.0.40219.1
Project("{FAE04EC0-301F-11D3-BF4B-00C04F79EFBC}") = "List4-15関数Cで発生した例外を関数Aにも投げる", "List4-15関数Cで発生した例外を関数Aにも投げる\List4-15関数Cで発生した例外を関数Aにも投げる.csproj", "{06CD2831-2F32-484C-86F9-95D5CD19FA93}"
EndProject
Global
	GlobalSection(SolutionConfigurationPlatforms) = preSolution
		Debug|Any CPU = Debug|Any CPU
		Release|Any CPU = Release|Any CPU
	EndGlobalSection
	GlobalSection(ProjectConfigurationPlatforms) = postSolution
		{06CD2831-2F32-484C-86F9-95D5CD19FA93}.Debug|Any CPU.ActiveCfg = Debug|Any CPU
		{06CD2831-2F32-484C-86F9-95D5CD19FA93}.Debug|Any CPU.Build.0 = Debug|Any CPU
		{06CD2831-2F32-484C-86F9-95D5CD19FA93}.Release|Any CPU.ActiveCfg = Release|Any CPU
		{06CD2831-2F32-484C-86F9-95D5CD19FA93}.Release|Any CPU.Build.0 = Release|Any CPU
	EndGlobalSection
	GlobalSection(SolutionProperties) = preSolution
		HideSolutionNode = FALSE
	EndGlobalSection
	GlobalSection(ExtensibilityGlobals) = postSolution
		SolutionGuid = {C0CB1FBE-7EF8-4546-ACF6-5E9178AE293B}
	EndGlobalSection
EndGlobal
