
Microsoft Visual Studio Solution File, Format Version 12.00
# Visual Studio Version 16
VisualStudioVersion = 16.0.31424.327
MinimumVisualStudioVersion = 10.0.40219.1
Project("{FAE04EC0-301F-11D3-BF4B-00C04F79EFBC}") = "List7-3Is演算子の使用例", "List7-3Is演算子の使用例\List7-3Is演算子の使用例.csproj", "{8D1DB546-7E6D-4411-86DB-B5F8FC8AC80B}"
EndProject
Global
	GlobalSection(SolutionConfigurationPlatforms) = preSolution
		Debug|Any CPU = Debug|Any CPU
		Release|Any CPU = Release|Any CPU
	EndGlobalSection
	GlobalSection(ProjectConfigurationPlatforms) = postSolution
		{8D1DB546-7E6D-4411-86DB-B5F8FC8AC80B}.Debug|Any CPU.ActiveCfg = Debug|Any CPU
		{8D1DB546-7E6D-4411-86DB-B5F8FC8AC80B}.Debug|Any CPU.Build.0 = Debug|Any CPU
		{8D1DB546-7E6D-4411-86DB-B5F8FC8AC80B}.Release|Any CPU.ActiveCfg = Release|Any CPU
		{8D1DB546-7E6D-4411-86DB-B5F8FC8AC80B}.Release|Any CPU.Build.0 = Release|Any CPU
	EndGlobalSection
	GlobalSection(SolutionProperties) = preSolution
		HideSolutionNode = FALSE
	EndGlobalSection
	GlobalSection(ExtensibilityGlobals) = postSolution
		SolutionGuid = {F8711363-9517-4CC2-87F1-ADE17B3359CE}
	EndGlobalSection
EndGlobal
