
Microsoft Visual Studio Solution File, Format Version 12.00
# Visual Studio Version 16
VisualStudioVersion = 16.0.31424.327
MinimumVisualStudioVersion = 10.0.40219.1
Project("{FAE04EC0-301F-11D3-BF4B-00C04F79EFBC}") = "List6-5複素数クラスの実装方法の変更", "List6-5複素数クラスの実装方法の変更\List6-5複素数クラスの実装方法の変更.csproj", "{1BFA6235-942B-4C63-8EBB-CE14ACEA788B}"
EndProject
Global
	GlobalSection(SolutionConfigurationPlatforms) = preSolution
		Debug|Any CPU = Debug|Any CPU
		Release|Any CPU = Release|Any CPU
	EndGlobalSection
	GlobalSection(ProjectConfigurationPlatforms) = postSolution
		{1BFA6235-942B-4C63-8EBB-CE14ACEA788B}.Debug|Any CPU.ActiveCfg = Debug|Any CPU
		{1BFA6235-942B-4C63-8EBB-CE14ACEA788B}.Debug|Any CPU.Build.0 = Debug|Any CPU
		{1BFA6235-942B-4C63-8EBB-CE14ACEA788B}.Release|Any CPU.ActiveCfg = Release|Any CPU
		{1BFA6235-942B-4C63-8EBB-CE14ACEA788B}.Release|Any CPU.Build.0 = Release|Any CPU
	EndGlobalSection
	GlobalSection(SolutionProperties) = preSolution
		HideSolutionNode = FALSE
	EndGlobalSection
	GlobalSection(ExtensibilityGlobals) = postSolution
		SolutionGuid = {D007A1A0-A04C-42CD-ABFF-AC6727695F3B}
	EndGlobalSection
EndGlobal
