
Microsoft Visual Studio Solution File, Format Version 12.00
# Visual Studio Version 16
VisualStudioVersion = 16.0.31424.327
MinimumVisualStudioVersion = 10.0.40219.1
Project("{FAE04EC0-301F-11D3-BF4B-00C04F79EFBC}") = "List7_5_1基底クラスのメンバー隠蔽を避ける", "List7_5_1基底クラスのメンバー隠蔽を避ける\List7_5_1基底クラスのメンバー隠蔽を避ける.csproj", "{5A24DC79-62C4-408C-A196-D22CA64BDED2}"
EndProject
Global
	GlobalSection(SolutionConfigurationPlatforms) = preSolution
		Debug|Any CPU = Debug|Any CPU
		Release|Any CPU = Release|Any CPU
	EndGlobalSection
	GlobalSection(ProjectConfigurationPlatforms) = postSolution
		{5A24DC79-62C4-408C-A196-D22CA64BDED2}.Debug|Any CPU.ActiveCfg = Debug|Any CPU
		{5A24DC79-62C4-408C-A196-D22CA64BDED2}.Debug|Any CPU.Build.0 = Debug|Any CPU
		{5A24DC79-62C4-408C-A196-D22CA64BDED2}.Release|Any CPU.ActiveCfg = Release|Any CPU
		{5A24DC79-62C4-408C-A196-D22CA64BDED2}.Release|Any CPU.Build.0 = Release|Any CPU
	EndGlobalSection
	GlobalSection(SolutionProperties) = preSolution
		HideSolutionNode = FALSE
	EndGlobalSection
	GlobalSection(ExtensibilityGlobals) = postSolution
		SolutionGuid = {2451D52A-4689-43B8-B365-856254D698C7}
	EndGlobalSection
EndGlobal
