
Microsoft Visual Studio Solution File, Format Version 12.00
# Visual Studio Version 16
VisualStudioVersion = 16.0.31424.327
MinimumVisualStudioVersion = 10.0.40219.1
Project("{FAE04EC0-301F-11D3-BF4B-00C04F79EFBC}") = "List4-2", "List4-2\List4-2.csproj", "{E683D0ED-5015-44C5-A6DD-4B7C6B443F7F}"
EndProject
Global
	GlobalSection(SolutionConfigurationPlatforms) = preSolution
		Debug|Any CPU = Debug|Any CPU
		Release|Any CPU = Release|Any CPU
	EndGlobalSection
	GlobalSection(ProjectConfigurationPlatforms) = postSolution
		{E683D0ED-5015-44C5-A6DD-4B7C6B443F7F}.Debug|Any CPU.ActiveCfg = Debug|Any CPU
		{E683D0ED-5015-44C5-A6DD-4B7C6B443F7F}.Debug|Any CPU.Build.0 = Debug|Any CPU
		{E683D0ED-5015-44C5-A6DD-4B7C6B443F7F}.Release|Any CPU.ActiveCfg = Release|Any CPU
		{E683D0ED-5015-44C5-A6DD-4B7C6B443F7F}.Release|Any CPU.Build.0 = Release|Any CPU
	EndGlobalSection
	GlobalSection(SolutionProperties) = preSolution
		HideSolutionNode = FALSE
	EndGlobalSection
	GlobalSection(ExtensibilityGlobals) = postSolution
		SolutionGuid = {E4D3B902-D348-4886-BA38-163BF6B10FF7}
	EndGlobalSection
EndGlobal
