
Microsoft Visual Studio Solution File, Format Version 12.00
# Visual Studio Version 16
VisualStudioVersion = 16.0.31424.327
MinimumVisualStudioVersion = 10.0.40219.1
Project("{FAE04EC0-301F-11D3-BF4B-00C04F79EFBC}") = "List3-5Month", "List3-5Month\List3-5Month.csproj", "{AB3EF82A-E4BD-4AA6-98FE-3552D399F657}"
EndProject
Global
	GlobalSection(SolutionConfigurationPlatforms) = preSolution
		Debug|Any CPU = Debug|Any CPU
		Release|Any CPU = Release|Any CPU
	EndGlobalSection
	GlobalSection(ProjectConfigurationPlatforms) = postSolution
		{AB3EF82A-E4BD-4AA6-98FE-3552D399F657}.Debug|Any CPU.ActiveCfg = Debug|Any CPU
		{AB3EF82A-E4BD-4AA6-98FE-3552D399F657}.Debug|Any CPU.Build.0 = Debug|Any CPU
		{AB3EF82A-E4BD-4AA6-98FE-3552D399F657}.Release|Any CPU.ActiveCfg = Release|Any CPU
		{AB3EF82A-E4BD-4AA6-98FE-3552D399F657}.Release|Any CPU.Build.0 = Release|Any CPU
	EndGlobalSection
	GlobalSection(SolutionProperties) = preSolution
		HideSolutionNode = FALSE
	EndGlobalSection
	GlobalSection(ExtensibilityGlobals) = postSolution
		SolutionGuid = {A8244212-BBFE-4EBF-8FE8-A0C65D4CA775}
	EndGlobalSection
EndGlobal
