
Microsoft Visual Studio Solution File, Format Version 12.00
# Visual Studio Version 16
VisualStudioVersion = 16.0.31424.327
MinimumVisualStudioVersion = 10.0.40219.1
Project("{FAE04EC0-301F-11D3-BF4B-00C04F79EFBC}") = "List2-3CheckedSample", "List2-3CheckedSample\List2-3CheckedSample.csproj", "{D5DE6502-8687-46EA-A035-4D90158AD799}"
EndProject
Global
	GlobalSection(SolutionConfigurationPlatforms) = preSolution
		Debug|Any CPU = Debug|Any CPU
		Release|Any CPU = Release|Any CPU
	EndGlobalSection
	GlobalSection(ProjectConfigurationPlatforms) = postSolution
		{D5DE6502-8687-46EA-A035-4D90158AD799}.Debug|Any CPU.ActiveCfg = Debug|Any CPU
		{D5DE6502-8687-46EA-A035-4D90158AD799}.Debug|Any CPU.Build.0 = Debug|Any CPU
		{D5DE6502-8687-46EA-A035-4D90158AD799}.Release|Any CPU.ActiveCfg = Release|Any CPU
		{D5DE6502-8687-46EA-A035-4D90158AD799}.Release|Any CPU.Build.0 = Release|Any CPU
	EndGlobalSection
	GlobalSection(SolutionProperties) = preSolution
		HideSolutionNode = FALSE
	EndGlobalSection
	GlobalSection(ExtensibilityGlobals) = postSolution
		SolutionGuid = {7A3DC7F2-E8F5-4199-B5A6-69E153F2A672}
	EndGlobalSection
EndGlobal
