
Microsoft Visual Studio Solution File, Format Version 12.00
# Visual Studio Version 16
VisualStudioVersion = 16.0.31424.327
MinimumVisualStudioVersion = 10.0.40219.1
Project("{FAE04EC0-301F-11D3-BF4B-00C04F79EFBC}") = "List7-7virtual装飾子の利用", "List7-7virtual装飾子の利用\List7-7virtual装飾子の利用.csproj", "{B08FD3FE-8BAD-4C8D-B658-F58AE5221494}"
EndProject
Global
	GlobalSection(SolutionConfigurationPlatforms) = preSolution
		Debug|Any CPU = Debug|Any CPU
		Release|Any CPU = Release|Any CPU
	EndGlobalSection
	GlobalSection(ProjectConfigurationPlatforms) = postSolution
		{B08FD3FE-8BAD-4C8D-B658-F58AE5221494}.Debug|Any CPU.ActiveCfg = Debug|Any CPU
		{B08FD3FE-8BAD-4C8D-B658-F58AE5221494}.Debug|Any CPU.Build.0 = Debug|Any CPU
		{B08FD3FE-8BAD-4C8D-B658-F58AE5221494}.Release|Any CPU.ActiveCfg = Release|Any CPU
		{B08FD3FE-8BAD-4C8D-B658-F58AE5221494}.Release|Any CPU.Build.0 = Release|Any CPU
	EndGlobalSection
	GlobalSection(SolutionProperties) = preSolution
		HideSolutionNode = FALSE
	EndGlobalSection
	GlobalSection(ExtensibilityGlobals) = postSolution
		SolutionGuid = {A7E99207-CAE1-48F5-8A44-D6BB4E4EA9E1}
	EndGlobalSection
EndGlobal
