
Microsoft Visual Studio Solution File, Format Version 12.00
# Visual Studio Version 16
VisualStudioVersion = 16.0.31424.327
MinimumVisualStudioVersion = 10.0.40219.1
Project("{FAE04EC0-301F-11D3-BF4B-00C04F79EFBC}") = "List1-1.ConsoleApp", "List1-1.ConsoleApp\List1-1.ConsoleApp.csproj", "{4A1BFF67-C48F-43BE-BE2E-C8951A5EE946}"
EndProject
Global
	GlobalSection(SolutionConfigurationPlatforms) = preSolution
		Debug|Any CPU = Debug|Any CPU
		Release|Any CPU = Release|Any CPU
	EndGlobalSection
	GlobalSection(ProjectConfigurationPlatforms) = postSolution
		{4A1BFF67-C48F-43BE-BE2E-C8951A5EE946}.Debug|Any CPU.ActiveCfg = Debug|Any CPU
		{4A1BFF67-C48F-43BE-BE2E-C8951A5EE946}.Debug|Any CPU.Build.0 = Debug|Any CPU
		{4A1BFF67-C48F-43BE-BE2E-C8951A5EE946}.Release|Any CPU.ActiveCfg = Release|Any CPU
		{4A1BFF67-C48F-43BE-BE2E-C8951A5EE946}.Release|Any CPU.Build.0 = Release|Any CPU
	EndGlobalSection
	GlobalSection(SolutionProperties) = preSolution
		HideSolutionNode = FALSE
	EndGlobalSection
	GlobalSection(ExtensibilityGlobals) = postSolution
		SolutionGuid = {2E8F9A6B-0CED-4162-B015-D1E4D2F89615}
	EndGlobalSection
EndGlobal
