
Microsoft Visual Studio Solution File, Format Version 12.00
# Visual Studio Version 16
VisualStudioVersion = 16.0.31424.327
MinimumVisualStudioVersion = 10.0.40219.1
Project("{FAE04EC0-301F-11D3-BF4B-00C04F79EFBC}") = "List2-2ショートサーキット", "List2-2ショートサーキット\List2-2ショートサーキット.csproj", "{890A16F7-98D4-4D6B-9F42-5FD36CC63907}"
EndProject
Global
	GlobalSection(SolutionConfigurationPlatforms) = preSolution
		Debug|Any CPU = Debug|Any CPU
		Release|Any CPU = Release|Any CPU
	EndGlobalSection
	GlobalSection(ProjectConfigurationPlatforms) = postSolution
		{890A16F7-98D4-4D6B-9F42-5FD36CC63907}.Debug|Any CPU.ActiveCfg = Debug|Any CPU
		{890A16F7-98D4-4D6B-9F42-5FD36CC63907}.Debug|Any CPU.Build.0 = Debug|Any CPU
		{890A16F7-98D4-4D6B-9F42-5FD36CC63907}.Release|Any CPU.ActiveCfg = Release|Any CPU
		{890A16F7-98D4-4D6B-9F42-5FD36CC63907}.Release|Any CPU.Build.0 = Release|Any CPU
	EndGlobalSection
	GlobalSection(SolutionProperties) = preSolution
		HideSolutionNode = FALSE
	EndGlobalSection
	GlobalSection(ExtensibilityGlobals) = postSolution
		SolutionGuid = {304EA02C-A920-4062-AC04-404BCCD4E321}
	EndGlobalSection
EndGlobal
